<?xml version="1.0" encoding="utf-8"?>
<Project ToolsVersion="4.0" xmlns="http://schemas.microsoft.com/developer/msbuild/2003">
  <ItemGroup>
    <Filter Include="Source Files">
      <UniqueIdentifier>{4FC737F1-C7A5-4376-A066-2A32D752A2FF}</UniqueIdentifier>
      <Extensions>cpp;c;cc;cxx;c++;cppm;ixx;def;odl;idl;hpj;bat;asm;asmx</Extensions>
    </Filter>
    <Filter Include="Header Files">
      <UniqueIdentifier>{93995380-89BD-4b04-88EB-625FBE52EBFB}</UniqueIdentifier>
      <Extensions>h;hh;hpp;hxx;h++;hm;inl;inc;ipp;xsd</Extensions>
    </Filter>
    <Filter Include="Resource Files">
      <UniqueIdentifier>{67DA6AB6-F800-4c08-8B7A-83BB121AAD01}</UniqueIdentifier>
      <Extensions>rc;ico;cur;bmp;dlg;rc2;rct;bin;rgs;gif;jpg;jpeg;jpe;resx;tiff;tif;png;wav;mfcribbon-ms</Extensions>
    </Filter>
  </ItemGroup>
  <ItemGroup>
    <ClCompile Include="AddNoiseDlg.cpp">
      <Filter>Source Files</Filter>
    </ClCompile>
    <ClCompile Include="BatchAdvancedDlg.cpp">
      <Filter>Source Files</Filter>
    </ClCompile>
    <ClCompile Include="BatchDlg.cpp">
      <Filter>Source Files</Filter>
    </ClCompile>
    <ClCompile Include="BatchJob.cpp">
      <Filter>Source Files</Filter>
    </ClCompile>
    <ClCompile Include="BatchSummaryDlg.cpp">
      <Filter>Source Files</Filter>
    </ClCompile>
    <ClCompile Include="BlendDlg.cpp">
      <Filter>Source Files</Filter>
    </ClCompile>
    <ClCompile Include="BrowseChildFrm.cpp">
      <Filter>Source Files</Filter>
    </ClCompile>
    <ClCompile Include="BrowseDlg.cpp">
      <Filter>Source Files</Filter>
    </ClCompile>
    <ClCompile Include="BrowseDoc.cpp">
      <Filter>Source Files</Filter>
    </ClCompile>
    <ClCompile Include="BrowserCacheList.cpp">
      <Filter>Source Files</Filter>
    </ClCompile>
    <ClCompile Include="BrowserCacheThread.cpp">
      <Filter>Source Files</Filter>
    </ClCompile>
    <ClCompile Include="BrowseView.cpp">
      <Filter>Source Files</Filter>
    </ClCompile>
    <ClCompile Include="BrowseWorkerThread.cpp">
      <Filter>Source Files</Filter>
    </ClCompile>
    <ClCompile Include="BuildChildFrm.cpp">
      <Filter>Source Files</Filter>
    </ClCompile>
    <ClCompile Include="BuildDoc.cpp">
      <Filter>Source Files</Filter>
    </ClCompile>
    <ClCompile Include="BuildList.cpp">
      <Filter>Source Files</Filter>
    </ClCompile>
    <ClCompile Include="BuildPropertiesDlg.cpp">
      <Filter>Source Files</Filter>
    </ClCompile>
    <ClCompile Include="BuildView.cpp">
      <Filter>Source Files</Filter>
    </ClCompile>
    <ClCompile Include="ChildFrm.cpp">
      <Filter>Source Files</Filter>
    </ClCompile>
    <ClCompile Include="ClipboardDIB.cpp">
      <Filter>Source Files</Filter>
    </ClCompile>
    <ClCompile Include="COleDataSourceEx.cpp">
      <Filter>Source Files</Filter>
    </ClCompile>
    <ClCompile Include="ColorDecalDlg.cpp">
      <Filter>Source Files</Filter>
    </ClCompile>
    <ClCompile Include="ColorOpt.cpp">
      <Filter>Source Files</Filter>
    </ClCompile>
    <ClCompile Include="ColorPalette.cpp">
      <Filter>Source Files</Filter>
    </ClCompile>
    <ClCompile Include="ColorPaletteWnd.cpp">
      <Filter>Source Files</Filter>
    </ClCompile>
    <ClCompile Include="ColorTranslatorDlg.cpp">
      <Filter>Source Files</Filter>
    </ClCompile>
    <ClCompile Include="CopyTiledDlg.cpp">
      <Filter>Source Files</Filter>
    </ClCompile>
    <ClCompile Include="CustomResource.cpp">
      <Filter>Source Files</Filter>
    </ClCompile>
    <ClCompile Include="DebugChildFrm.cpp">
      <Filter>Source Files</Filter>
    </ClCompile>
    <ClCompile Include="DebugDibView.cpp">
      <Filter>Source Files</Filter>
    </ClCompile>
    <ClCompile Include="DebugDoc.cpp">
      <Filter>Source Files</Filter>
    </ClCompile>
    <ClCompile Include="DecalColorChooserWnd.cpp">
      <Filter>Source Files</Filter>
    </ClCompile>
    <ClCompile Include="DecalListBox.cpp">
      <Filter>Source Files</Filter>
    </ClCompile>
    <ClCompile Include="DecalToolbar.cpp">
      <Filter>Source Files</Filter>
    </ClCompile>
    <ClCompile Include="DelayRender.cpp">
      <Filter>Source Files</Filter>
    </ClCompile>
    <ClCompile Include="DibSection.cpp">
      <Filter>Source Files</Filter>
    </ClCompile>
    <ClCompile Include="DiffuseDlg.cpp">
      <Filter>Source Files</Filter>
    </ClCompile>
    <ClCompile Include="DirectoryList.cpp">
      <Filter>Source Files</Filter>
    </ClCompile>
    <ClCompile Include="DuplicateNameDlg.cpp">
      <Filter>Source Files</Filter>
    </ClCompile>
    <ClCompile Include="EdgeDetectDlg.cpp">
      <Filter>Source Files</Filter>
    </ClCompile>
    <ClCompile Include="EmbossDlg.cpp">
      <Filter>Source Files</Filter>
    </ClCompile>
    <ClCompile Include="EnlargeCanvasDlg.cpp">
      <Filter>Source Files</Filter>
    </ClCompile>
    <ClCompile Include="ExplorerTreeView.cpp">
      <Filter>Source Files</Filter>
    </ClCompile>
    <ClCompile Include="FileList.cpp">
      <Filter>Source Files</Filter>
    </ClCompile>
    <ClCompile Include="Filter.cpp">
      <Filter>Source Files</Filter>
    </ClCompile>
    <ClCompile Include="FilterBCDlg.cpp">
      <Filter>Source Files</Filter>
    </ClCompile>
    <ClCompile Include="FixUnevenLightingDlg.cpp">
      <Filter>Source Files</Filter>
    </ClCompile>
    <ClCompile Include="FreeUndoDlg.cpp">
      <Filter>Source Files</Filter>
    </ClCompile>
    <ClCompile Include="GamePaletteDlg.cpp">
      <Filter>Source Files</Filter>
    </ClCompile>
    <ClCompile Include="GameSelectDlg.cpp">
      <Filter>Source Files</Filter>
    </ClCompile>
    <ClCompile Include="Genesis3D.cpp">
      <Filter>Source Files</Filter>
    </ClCompile>
    <ClCompile Include="Globals.cpp">
      <Filter>Source Files</Filter>
    </ClCompile>
    <ClCompile Include="GraphicsFunctions.cpp">
      <Filter>Source Files</Filter>
    </ClCompile>
    <ClCompile Include="HalfLifePaletteDlg.cpp">
      <Filter>Source Files</Filter>
    </ClCompile>
    <ClCompile Include="ImageHelper.cpp">
      <Filter>Source Files</Filter>
    </ClCompile>
    <ClCompile Include="ImageHelper_BMP.cpp">
      <Filter>Source Files</Filter>
    </ClCompile>
    <ClCompile Include="ImageHelper_JPG.cpp">
      <Filter>Source Files</Filter>
    </ClCompile>
    <ClCompile Include="ImageHelper_PCX.cpp">
      <Filter>Source Files</Filter>
    </ClCompile>
    <ClCompile Include="ImageHelper_PNG.cpp">
      <Filter>Source Files</Filter>
    </ClCompile>
    <ClCompile Include="ImageHelper_TEX.cpp">
      <Filter>Source Files</Filter>
    </ClCompile>
    <ClCompile Include="ImageHelper_TGA.cpp">
      <Filter>Source Files</Filter>
    </ClCompile>
    <ClCompile Include="ImageIconList.cpp">
      <Filter>Source Files</Filter>
    </ClCompile>
    <ClCompile Include="ImageManipulator.cpp">
      <Filter>Source Files</Filter>
    </ClCompile>
    <ClCompile Include="Layer.cpp">
      <Filter>Source Files</Filter>
    </ClCompile>
    <ClCompile Include="lzrw1.cpp">
      <Filter>Source Files</Filter>
    </ClCompile>
    <ClCompile Include="MainFrm.cpp">
      <Filter>Source Files</Filter>
    </ClCompile>
    <ClCompile Include="MarbleDlg.cpp">
      <Filter>Source Files</Filter>
    </ClCompile>
    <ClCompile Include="MarbleTileDlg.cpp">
      <Filter>Source Files</Filter>
    </ClCompile>
    <ClCompile Include="MdiClient.cpp">
      <Filter>Source Files</Filter>
    </ClCompile>
    <ClCompile Include="MemBuffer.cpp">
      <Filter>Source Files</Filter>
    </ClCompile>
    <ClCompile Include="MirrorDlg.cpp">
      <Filter>Source Files</Filter>
    </ClCompile>
    <ClCompile Include="MiscFunctions.cpp">
      <Filter>Source Files</Filter>
    </ClCompile>
    <ClCompile Include="MouseWnd.cpp">
      <Filter>Source Files</Filter>
    </ClCompile>
    <ClCompile Include="NewImageDlg.cpp">
      <Filter>Source Files</Filter>
    </ClCompile>
    <ClCompile Include="NewPackageImageDlg.cpp">
      <Filter>Source Files</Filter>
    </ClCompile>
    <ClCompile Include="NewPaletteDlg.cpp">
      <Filter>Source Files</Filter>
    </ClCompile>
    <ClCompile Include="NewRuleDlg.cpp">
      <Filter>Source Files</Filter>
    </ClCompile>
    <ClCompile Include="NewWalDlg.cpp">
      <Filter>Source Files</Filter>
    </ClCompile>
    <ClCompile Include="Noise.cpp">
      <Filter>Source Files</Filter>
    </ClCompile>
    <ClCompile Include="OffsetDlg.cpp">
      <Filter>Source Files</Filter>
    </ClCompile>
    <ClCompile Include="PackageAddToDlg.cpp">
      <Filter>Source Files</Filter>
    </ClCompile>
    <ClCompile Include="PackageBrowseView.cpp">
      <Filter>Source Files</Filter>
    </ClCompile>
    <ClCompile Include="PackageChildFrm.cpp">
      <Filter>Source Files</Filter>
    </ClCompile>
    <ClCompile Include="PackageDoc.cpp">
      <Filter>Source Files</Filter>
    </ClCompile>
    <ClCompile Include="PackageExportDlg.cpp">
      <Filter>Source Files</Filter>
    </ClCompile>
    <ClCompile Include="PackageListBox.cpp">
      <Filter>Source Files</Filter>
    </ClCompile>
    <ClCompile Include="PackagePreviewWnd.cpp">
      <Filter>Source Files</Filter>
    </ClCompile>
    <ClCompile Include="PackageReMipThread.cpp">
      <Filter>Source Files</Filter>
    </ClCompile>
    <ClCompile Include="PackageTreeControl.cpp">
      <Filter>Source Files</Filter>
    </ClCompile>
    <ClCompile Include="PackageView.cpp">
      <Filter>Source Files</Filter>
    </ClCompile>
    <ClCompile Include="PakChildFrm.cpp">
      <Filter>Source Files</Filter>
    </ClCompile>
    <ClCompile Include="PakDoc.cpp">
      <Filter>Source Files</Filter>
    </ClCompile>
    <ClCompile Include="PakExportDlg.cpp">
      <Filter>Source Files</Filter>
    </ClCompile>
    <ClCompile Include="PakImportDlg.cpp">
      <Filter>Source Files</Filter>
    </ClCompile>
    <ClCompile Include="PakList.cpp">
      <Filter>Source Files</Filter>
    </ClCompile>
    <ClCompile Include="PakListCtrl.cpp">
      <Filter>Source Files</Filter>
    </ClCompile>
    <ClCompile Include="PakListView.cpp">
      <Filter>Source Files</Filter>
    </ClCompile>
    <ClCompile Include="PakTreeView.cpp">
      <Filter>Source Files</Filter>
    </ClCompile>
    <ClCompile Include="palettedlg.cpp">
      <Filter>Source Files</Filter>
    </ClCompile>
    <ClCompile Include="PaletteEditorDlg.cpp">
      <Filter>Source Files</Filter>
    </ClCompile>
    <ClCompile Include="PaletteNameDlg.cpp">
      <Filter>Source Files</Filter>
    </ClCompile>
    <ClCompile Include="PaletteWnd.cpp">
      <Filter>Source Files</Filter>
    </ClCompile>
    <ClCompile Include="PalMap.cpp">
      <Filter>Source Files</Filter>
    </ClCompile>
    <ClCompile Include="PasteSpecialDlg.cpp">
      <Filter>Source Files</Filter>
    </ClCompile>
    <ClCompile Include="PercentDlg.cpp">
      <Filter>Source Files</Filter>
    </ClCompile>
    <ClCompile Include="PrefabImages.cpp">
      <Filter>Source Files</Filter>
    </ClCompile>
    <ClCompile Include="ProgressBar.cpp">
      <Filter>Source Files</Filter>
    </ClCompile>
    <ClCompile Include="QuakeUnrealDlg.cpp">
      <Filter>Source Files</Filter>
    </ClCompile>
    <ClCompile Include="ReduceColorsDlg.cpp">
      <Filter>Source Files</Filter>
    </ClCompile>
    <ClCompile Include="RegistryHelper.cpp">
      <Filter>Source Files</Filter>
    </ClCompile>
    <ClCompile Include="ReMip.cpp">
      <Filter>Source Files</Filter>
    </ClCompile>
    <ClCompile Include="RemipDlg.cpp">
      <Filter>Source Files</Filter>
    </ClCompile>
    <ClCompile Include="RenameImageDlg.cpp">
      <Filter>Source Files</Filter>
    </ClCompile>
    <ClCompile Include="ResizeDlg.cpp">
      <Filter>Source Files</Filter>
    </ClCompile>
    <ClCompile Include="RotateDlg.cpp">
      <Filter>Source Files</Filter>
    </ClCompile>
    <ClCompile Include="RuleList.cpp">
      <Filter>Source Files</Filter>
    </ClCompile>
    <ClCompile Include="RulesDlg.cpp">
      <Filter>Source Files</Filter>
    </ClCompile>
    <ClCompile Include="SafeFile.cpp">
      <Filter>Source Files</Filter>
    </ClCompile>
    <ClCompile Include="Selection.cpp">
      <Filter>Source Files</Filter>
    </ClCompile>
    <ClCompile Include="SelectPakTreeDlg.cpp">
      <Filter>Source Files</Filter>
    </ClCompile>
    <ClCompile Include="SharpenDlg.cpp">
      <Filter>Source Files</Filter>
    </ClCompile>
    <ClCompile Include="SinFlagsColorWnd.cpp">
      <Filter>Source Files</Filter>
    </ClCompile>
    <ClCompile Include="SinFlagsDlg.cpp">
      <Filter>Source Files</Filter>
    </ClCompile>
    <ClCompile Include="SinRuleFlagDlg.cpp">
      <Filter>Source Files</Filter>
    </ClCompile>
    <ClCompile Include="SortStringArray.cpp">
      <Filter>Source Files</Filter>
    </ClCompile>
    <ClCompile Include="Splash.cpp">
      <Filter>Source Files</Filter>
    </ClCompile>
    <ClCompile Include="STabCtrl.cpp">
      <Filter>Source Files</Filter>
    </ClCompile>
    <ClCompile Include="Stdafx.cpp">
      <Filter>Source Files</Filter>
    </ClCompile>
    <ClCompile Include="TabCheckListBox.cpp">
      <Filter>Source Files</Filter>
    </ClCompile>
    <ClCompile Include="TextureInfo.cpp">
      <Filter>Source Files</Filter>
    </ClCompile>
    <ClCompile Include="Tool.cpp">
      <Filter>Source Files</Filter>
    </ClCompile>
    <ClCompile Include="ToolDlg.cpp">
      <Filter>Source Files</Filter>
    </ClCompile>
    <ClCompile Include="ToolSettingsPage.cpp">
      <Filter>Source Files</Filter>
    </ClCompile>
    <ClCompile Include="ToolSettingsToolbar.cpp">
      <Filter>Source Files</Filter>
    </ClCompile>
    <ClCompile Include="WADList.cpp">
      <Filter>Source Files</Filter>
    </ClCompile>
    <ClCompile Include="WadMergeAddDlg.cpp">
      <Filter>Source Files</Filter>
    </ClCompile>
    <ClCompile Include="WadMergeDlg.cpp">
      <Filter>Source Files</Filter>
    </ClCompile>
    <ClCompile Include="WadMergeJob.cpp">
      <Filter>Source Files</Filter>
    </ClCompile>
    <ClCompile Include="WadMergeStatusDlg.cpp">
      <Filter>Source Files</Filter>
    </ClCompile>
    <ClCompile Include="Wally.cpp">
      <Filter>Source Files</Filter>
    </ClCompile>
    <ClCompile Include="Wallydoc.cpp">
      <Filter>Source Files</Filter>
    </ClCompile>
    <ClCompile Include="WallyDocTemplate.cpp">
      <Filter>Source Files</Filter>
    </ClCompile>
    <ClCompile Include="WallyException.cpp">
      <Filter>Source Files</Filter>
    </ClCompile>
    <ClCompile Include="WallyList.cpp">
      <Filter>Source Files</Filter>
    </ClCompile>
    <ClCompile Include="WallyOptions.cpp">
      <Filter>Source Files</Filter>
    </ClCompile>
    <ClCompile Include="WallyPal.cpp">
      <Filter>Source Files</Filter>
    </ClCompile>
    <ClCompile Include="wallypropertypage1.cpp">
      <Filter>Source Files</Filter>
    </ClCompile>
    <ClCompile Include="WallyPropertySheet.cpp">
      <Filter>Source Files</Filter>
    </ClCompile>
    <ClCompile Include="WallyToolBar.cpp">
      <Filter>Source Files</Filter>
    </ClCompile>
    <ClCompile Include="WallyUndo.cpp">
      <Filter>Source Files</Filter>
    </ClCompile>
    <ClCompile Include="WallyView.cpp">
      <Filter>Source Files</Filter>
    </ClCompile>
    <ClCompile Include="WndList.cpp">
      <Filter>Source Files</Filter>
    </ClCompile>
    <ClCompile Include="ThreadManager.cpp">
      <Filter>Source Files</Filter>
    </ClCompile>
    <ClCompile Include="ThreadJob.cpp">
      <Filter>Source Files</Filter>
    </ClCompile>
    <ClCompile Include="singleinstance.cpp">
      <Filter>Source Files</Filter>
    </ClCompile>
  </ItemGroup>
  <ItemGroup>
    <ResourceCompile Include="Wally.rc">
      <Filter>Resource Files</Filter>
    </ResourceCompile>
  </ItemGroup>
  <ItemGroup>
    <None Include="res\cursor1.cur">
      <Filter>Resource Files</Filter>
    </None>
    <None Include="res\paint_cu.cur">
      <Filter>Resource Files</Filter>
    </None>
    <None Include="res\dropper_.cur">
      <Filter>Resource Files</Filter>
    </None>
    <None Include="Res\move_cur.cur">
      <Filter>Resource Files</Filter>
    </None>
    <None Include="Res\hand.cur">
      <Filter>Resource Files</Filter>
    </None>
    <None Include="res\mouse.pcx" />
    <None Include="RES\MouseL.pcx" />
    <None Include="RES\MouseLRX.pcx" />
    <None Include="RES\MouseR.pcx" />
    <None Include="RES\MouseRX.pcx" />
    <None Include="RES\MouseX.pcx" />
    <None Include="Res\BuildViewButton.pcx" />
    <None Include="RES\wad_thumbnail.pcx" />
    <None Include="res\wally_logo.pcx" />
    <None Include="res\duke3d.lmp" />
    <None Include="res\shadow.lmp" />
    <None Include="res\redneck.dat" />
    <None Include="res\q1pal.lmp" />
    <None Include="res\q2pal.lmp" />
    <None Include="res\blend.lmp" />
    <None Include="res\pldecal.wad" />
    <None Include="Res\Wally.rc2">
      <Filter>Resource Files</Filter>
    </None>
  </ItemGroup>
  <ItemGroup>
    <ClInclude Include="2PassScale.h">
      <Filter>Header Files</Filter>
    </ClInclude>
    <ClInclude Include="AddNoiseDlg.h">
      <Filter>Header Files</Filter>
    </ClInclude>
    <ClInclude Include="BatchAdvancedDlg.h">
      <Filter>Header Files</Filter>
    </ClInclude>
    <ClInclude Include="BatchDlg.h">
      <Filter>Header Files</Filter>
    </ClInclude>
    <ClInclude Include="BatchJob.h">
      <Filter>Header Files</Filter>
    </ClInclude>
    <ClInclude Include="BatchSummaryDlg.h">
      <Filter>Header Files</Filter>
    </ClInclude>
    <ClInclude Include="BlendDlg.h">
      <Filter>Header Files</Filter>
    </ClInclude>
    <ClInclude Include="BrowseChildFrm.h">
      <Filter>Header Files</Filter>
    </ClInclude>
    <ClInclude Include="BrowseDlg.h">
      <Filter>Header Files</Filter>
    </ClInclude>
    <ClInclude Include="BrowseDoc.h">
      <Filter>Header Files</Filter>
    </ClInclude>
    <ClInclude Include="BrowserCacheList.h">
      <Filter>Header Files</Filter>
    </ClInclude>
    <ClInclude Include="BrowserCacheThread.h">
      <Filter>Header Files</Filter>
    </ClInclude>
    <ClInclude Include="BrowseView.h">
      <Filter>Header Files</Filter>
    </ClInclude>
    <ClInclude Include="BrowseWorkerThread.h">
      <Filter>Header Files</Filter>
    </ClInclude>
    <ClInclude Include="BuildChildFrm.h">
      <Filter>Header Files</Filter>
    </ClInclude>
    <ClInclude Include="BuildDoc.h">
      <Filter>Header Files</Filter>
    </ClInclude>
    <ClInclude Include="BuildList.h">
      <Filter>Header Files</Filter>
    </ClInclude>
    <ClInclude Include="BuildPropertiesDlg.h">
      <Filter>Header Files</Filter>
    </ClInclude>
    <ClInclude Include="BuildView.h">
      <Filter>Header Files</Filter>
    </ClInclude>
    <ClInclude Include="ChildFrm.h">
      <Filter>Header Files</Filter>
    </ClInclude>
    <ClInclude Include="ClipboardDIB.h">
      <Filter>Header Files</Filter>
    </ClInclude>
    <ClInclude Include="COleDataSourceEx.h">
      <Filter>Header Files</Filter>
    </ClInclude>
    <ClInclude Include="ColorDecalDlg.h">
      <Filter>Header Files</Filter>
    </ClInclude>
    <ClInclude Include="ColorOpt.h">
      <Filter>Header Files</Filter>
    </ClInclude>
    <ClInclude Include="ColorPalette.h">
      <Filter>Header Files</Filter>
    </ClInclude>
    <ClInclude Include="ColorPaletteWnd.h">
      <Filter>Header Files</Filter>
    </ClInclude>
    <ClInclude Include="ColorTranslatorDlg.h">
      <Filter>Header Files</Filter>
    </ClInclude>
    <ClInclude Include="CopyTiledDlg.h">
      <Filter>Header Files</Filter>
    </ClInclude>
    <ClInclude Include="CustomResource.h">
      <Filter>Header Files</Filter>
    </ClInclude>
    <ClInclude Include="DebugChildFrm.h">
      <Filter>Header Files</Filter>
    </ClInclude>
    <ClInclude Include="DebugDibView.h">
      <Filter>Header Files</Filter>
    </ClInclude>
    <ClInclude Include="DebugDoc.h">
      <Filter>Header Files</Filter>
    </ClInclude>
    <ClInclude Include="DecalColorChooserWnd.h">
      <Filter>Header Files</Filter>
    </ClInclude>
    <ClInclude Include="DecalListBox.h">
      <Filter>Header Files</Filter>
    </ClInclude>
    <ClInclude Include="DecalToolbar.h">
      <Filter>Header Files</Filter>
    </ClInclude>
    <ClInclude Include="DelayRender.h">
      <Filter>Header Files</Filter>
    </ClInclude>
    <ClInclude Include="DibSection.h">
      <Filter>Header Files</Filter>
    </ClInclude>
    <ClInclude Include="DiffuseDlg.h">
      <Filter>Header Files</Filter>
    </ClInclude>
    <ClInclude Include="DirectoryList.h">
      <Filter>Header Files</Filter>
    </ClInclude>
    <ClInclude Include="DuplicateNameDlg.h">
      <Filter>Header Files</Filter>
    </ClInclude>
    <ClInclude Include="EdgeDetectDlg.h">
      <Filter>Header Files</Filter>
    </ClInclude>
    <ClInclude Include="EmbossDlg.h">
      <Filter>Header Files</Filter>
    </ClInclude>
    <ClInclude Include="EnlargeCanvasDlg.h">
      <Filter>Header Files</Filter>
    </ClInclude>
    <ClInclude Include="ExplorerTreeView.h">
      <Filter>Header Files</Filter>
    </ClInclude>
    <ClInclude Include="FileList.h">
      <Filter>Header Files</Filter>
    </ClInclude>
    <ClInclude Include="Filter.h">
      <Filter>Header Files</Filter>
    </ClInclude>
    <ClInclude Include="FilterBCDlg.h">
      <Filter>Header Files</Filter>
    </ClInclude>
    <ClInclude Include="filters.h">
      <Filter>Header Files</Filter>
    </ClInclude>
    <ClInclude Include="FixUnevenLightingDlg.h">
      <Filter>Header Files</Filter>
    </ClInclude>
    <ClInclude Include="FreeUndoDlg.h">
      <Filter>Header Files</Filter>
    </ClInclude>
    <ClInclude Include="GamePaletteDlg.h">
      <Filter>Header Files</Filter>
    </ClInclude>
    <ClInclude Include="GameSelectDlg.h">
      <Filter>Header Files</Filter>
    </ClInclude>
    <ClInclude Include="Genesis3D.h">
      <Filter>Header Files</Filter>
    </ClInclude>
    <ClInclude Include="Globals.h">
      <Filter>Header Files</Filter>
    </ClInclude>
    <ClInclude Include="GraphicFormats.h">
      <Filter>Header Files</Filter>
    </ClInclude>
    <ClInclude Include="GraphicsFunctions.h">
      <Filter>Header Files</Filter>
    </ClInclude>
    <ClInclude Include="HalfLifePaletteDlg.h">
      <Filter>Header Files</Filter>
    </ClInclude>
    <ClInclude Include="ImageHelper.h">
      <Filter>Header Files</Filter>
    </ClInclude>
    <ClInclude Include="ImageIconList.h">
      <Filter>Header Files</Filter>
    </ClInclude>
    <ClInclude Include="ImageManipulator.h">
      <Filter>Header Files</Filter>
    </ClInclude>
    <ClInclude Include="Layer.h">
      <Filter>Header Files</Filter>
    </ClInclude>
    <ClInclude Include="MainFrm.h">
      <Filter>Header Files</Filter>
    </ClInclude>
    <ClInclude Include="marbledlg.h">
      <Filter>Header Files</Filter>
    </ClInclude>
    <ClInclude Include="MarbleTileDlg.h">
      <Filter>Header Files</Filter>
    </ClInclude>
    <ClInclude Include="MdiClient.h">
      <Filter>Header Files</Filter>
    </ClInclude>
    <ClInclude Include="MemBuffer.h">
      <Filter>Header Files</Filter>
    </ClInclude>
    <ClInclude Include="MirrorDlg.h">
      <Filter>Header Files</Filter>
    </ClInclude>
    <ClInclude Include="MiscFunctions.h">
      <Filter>Header Files</Filter>
    </ClInclude>
    <ClInclude Include="MouseWnd.h">
      <Filter>Header Files</Filter>
    </ClInclude>
    <ClInclude Include="NewImageDlg.h">
      <Filter>Header Files</Filter>
    </ClInclude>
    <ClInclude Include="NewPackageImageDlg.h">
      <Filter>Header Files</Filter>
    </ClInclude>
    <ClInclude Include="NewPaletteDlg.h">
      <Filter>Header Files</Filter>
    </ClInclude>
    <ClInclude Include="NewRuleDlg.h">
      <Filter>Header Files</Filter>
    </ClInclude>
    <ClInclude Include="NewWalDlg.h">
      <Filter>Header Files</Filter>
    </ClInclude>
    <ClInclude Include="Noise.h">
      <Filter>Header Files</Filter>
    </ClInclude>
    <ClInclude Include="OffsetDlg.h">
      <Filter>Header Files</Filter>
    </ClInclude>
    <ClInclude Include="PackageAddToDlg.h">
      <Filter>Header Files</Filter>
    </ClInclude>
    <ClInclude Include="PackageBrowseView.h">
      <Filter>Header Files</Filter>
    </ClInclude>
    <ClInclude Include="PackageChildFrm.h">
      <Filter>Header Files</Filter>
    </ClInclude>
    <ClInclude Include="PackageDoc.h">
      <Filter>Header Files</Filter>
    </ClInclude>
    <ClInclude Include="PackageExportDlg.h">
      <Filter>Header Files</Filter>
    </ClInclude>
    <ClInclude Include="PackageListBox.h">
      <Filter>Header Files</Filter>
    </ClInclude>
    <ClInclude Include="PackagePreviewWnd.h">
      <Filter>Header Files</Filter>
    </ClInclude>
    <ClInclude Include="PackageReMipThread.h">
      <Filter>Header Files</Filter>
    </ClInclude>
    <ClInclude Include="PackageTreeControl.h">
      <Filter>Header Files</Filter>
    </ClInclude>
    <ClInclude Include="PackageView.h">
      <Filter>Header Files</Filter>
    </ClInclude>
    <ClInclude Include="PakChildFrm.h">
      <Filter>Header Files</Filter>
    </ClInclude>
    <ClInclude Include="PakDoc.h">
      <Filter>Header Files</Filter>
    </ClInclude>
    <ClInclude Include="PakExportDlg.h">
      <Filter>Header Files</Filter>
    </ClInclude>
    <ClInclude Include="PakImportDlg.h">
      <Filter>Header Files</Filter>
    </ClInclude>
    <ClInclude Include="PakList.h">
      <Filter>Header Files</Filter>
    </ClInclude>
    <ClInclude Include="PakListCtrl.h">
      <Filter>Header Files</Filter>
    </ClInclude>
    <ClInclude Include="PakListView.h">
      <Filter>Header Files</Filter>
    </ClInclude>
    <ClInclude Include="PakTreeView.h">
      <Filter>Header Files</Filter>
    </ClInclude>
    <ClInclude Include="palettedlg.h">
      <Filter>Header Files</Filter>
    </ClInclude>
    <ClInclude Include="PaletteEditorDlg.h">
      <Filter>Header Files</Filter>
    </ClInclude>
    <ClInclude Include="PaletteNameDlg.h">
      <Filter>Header Files</Filter>
    </ClInclude>
    <ClInclude Include="PaletteWnd.h">
      <Filter>Header Files</Filter>
    </ClInclude>
    <ClInclude Include="PalMap.h">
      <Filter>Header Files</Filter>
    </ClInclude>
    <ClInclude Include="PasteSpecialDlg.h">
      <Filter>Header Files</Filter>
    </ClInclude>
    <ClInclude Include="PercentDlg.h">
      <Filter>Header Files</Filter>
    </ClInclude>
    <ClInclude Include="PrefabImages.h">
      <Filter>Header Files</Filter>
    </ClInclude>
    <ClInclude Include="PrefabMouse.h">
      <Filter>Header Files</Filter>
    </ClInclude>
    <ClInclude Include="ProgressBar.h">
      <Filter>Header Files</Filter>
    </ClInclude>
    <ClInclude Include="PropertyPage5_1.h">
      <Filter>Header Files</Filter>
    </ClInclude>
    <ClInclude Include="QuakeUnrealDlg.h">
      <Filter>Header Files</Filter>
    </ClInclude>
    <ClInclude Include="ReduceColorsDlg.h">
      <Filter>Header Files</Filter>
    </ClInclude>
    <ClInclude Include="RegistryHelper.h">
      <Filter>Header Files</Filter>
    </ClInclude>
    <ClInclude Include="ReMip.h">
      <Filter>Header Files</Filter>
    </ClInclude>
    <ClInclude Include="RemipDlg.h">
      <Filter>Header Files</Filter>
    </ClInclude>
    <ClInclude Include="RenameImageDlg.h">
      <Filter>Header Files</Filter>
    </ClInclude>
    <ClInclude Include="ResizeDlg.h">
      <Filter>Header Files</Filter>
    </ClInclude>
    <ClInclude Include="resource.h">
      <Filter>Header Files</Filter>
    </ClInclude>
    <ClInclude Include="RotateDlg.h">
      <Filter>Header Files</Filter>
    </ClInclude>
    <ClInclude Include="RuleList.h">
      <Filter>Header Files</Filter>
    </ClInclude>
    <ClInclude Include="RulesDlg.h">
      <Filter>Header Files</Filter>
    </ClInclude>
    <ClInclude Include="SafeFile.h">
      <Filter>Header Files</Filter>
    </ClInclude>
    <ClInclude Include="Selection.h">
      <Filter>Header Files</Filter>
    </ClInclude>
    <ClInclude Include="SelectPakTreeDlg.h">
      <Filter>Header Files</Filter>
    </ClInclude>
    <ClInclude Include="SharpenDlg.h">
      <Filter>Header Files</Filter>
    </ClInclude>
    <ClInclude Include="SinFlagsColorWnd.h">
      <Filter>Header Files</Filter>
    </ClInclude>
    <ClInclude Include="SinFlagsDlg.h">
      <Filter>Header Files</Filter>
    </ClInclude>
    <ClInclude Include="SinRuleFlagDlg.h">
      <Filter>Header Files</Filter>
    </ClInclude>
    <ClInclude Include="SortStringArray.h">
      <Filter>Header Files</Filter>
    </ClInclude>
    <ClInclude Include="Splash.h">
      <Filter>Header Files</Filter>
    </ClInclude>
    <ClInclude Include="STabCtrl.h">
      <Filter>Header Files</Filter>
    </ClInclude>
    <ClInclude Include="Stdafx.h">
      <Filter>Header Files</Filter>
    </ClInclude>
    <ClInclude Include="TabCheckListBox.h">
      <Filter>Header Files</Filter>
    </ClInclude>
    <ClInclude Include="test_delete.h">
      <Filter>Header Files</Filter>
    </ClInclude>
    <ClInclude Include="TextureFlags.h">
      <Filter>Header Files</Filter>
    </ClInclude>
    <ClInclude Include="TextureInfo.h">
      <Filter>Header Files</Filter>
    </ClInclude>
    <ClInclude Include="ThreadJob.h">
      <Filter>Header Files</Filter>
    </ClInclude>
    <ClInclude Include="ThreadManager.h">
      <Filter>Header Files</Filter>
    </ClInclude>
    <ClInclude Include="ThreadSpooler.h">
      <Filter>Header Files</Filter>
    </ClInclude>
    <ClInclude Include="Tool.h">
      <Filter>Header Files</Filter>
    </ClInclude>
    <ClInclude Include="ToolDlg.h">
      <Filter>Header Files</Filter>
    </ClInclude>
    <ClInclude Include="ToolSettingsPage.h">
      <Filter>Header Files</Filter>
    </ClInclude>
    <ClInclude Include="ToolSettingsToolbar.h">
      <Filter>Header Files</Filter>
    </ClInclude>
    <ClInclude Include="WAD2List.h">
      <Filter>Header Files</Filter>
    </ClInclude>
    <ClInclude Include="WAD3List.h">
      <Filter>Header Files</Filter>
    </ClInclude>
    <ClInclude Include="WADList.h">
      <Filter>Header Files</Filter>
    </ClInclude>
    <ClInclude Include="WadMergeAddDlg.h">
      <Filter>Header Files</Filter>
    </ClInclude>
    <ClInclude Include="WadMergeDlg.h">
      <Filter>Header Files</Filter>
    </ClInclude>
    <ClInclude Include="WadMergeJob.h">
      <Filter>Header Files</Filter>
    </ClInclude>
    <ClInclude Include="WadMergeStatusDlg.h">
      <Filter>Header Files</Filter>
    </ClInclude>
    <ClInclude Include="Wally.h">
      <Filter>Header Files</Filter>
    </ClInclude>
    <ClInclude Include="WallyDoc.h">
      <Filter>Header Files</Filter>
    </ClInclude>
    <ClInclude Include="WallyDocTemplate.h">
      <Filter>Header Files</Filter>
    </ClInclude>
    <ClInclude Include="WallyException.h">
      <Filter>Header Files</Filter>
    </ClInclude>
    <ClInclude Include="WallyList.h">
      <Filter>Header Files</Filter>
    </ClInclude>
    <ClInclude Include="WallyOptions.h">
      <Filter>Header Files</Filter>
    </ClInclude>
    <ClInclude Include="WallyPal.h">
      <Filter>Header Files</Filter>
    </ClInclude>
    <ClInclude Include="wallypropertypage1.h">
      <Filter>Header Files</Filter>
    </ClInclude>
    <ClInclude Include="WallyPropertySheet.h">
      <Filter>Header Files</Filter>
    </ClInclude>
    <ClInclude Include="WallyToolBar.h">
      <Filter>Header Files</Filter>
    </ClInclude>
    <ClInclude Include="WallyType.h">
      <Filter>Header Files</Filter>
    </ClInclude>
    <ClInclude Include="WallyUndo.h">
      <Filter>Header Files</Filter>
    </ClInclude>
    <ClInclude Include="WallyView.h">
      <Filter>Header Files</Filter>
    </ClInclude>
    <ClInclude Include="WndList.h">
      <Filter>Header Files</Filter>
    </ClInclude>
    <ClInclude Include="singleinstance.h">
      <Filter>Header Files</Filter>
    </ClInclude>
  </ItemGroup>
  <ItemGroup>
    <Image Include="res\Wally.ico">
      <Filter>Resource Files</Filter>
    </Image>
    <Image Include="res\WallyDoc.ico">
      <Filter>Resource Files</Filter>
    </Image>
    <Image Include="res\idr_pack.ico">
      <Filter>Resource Files</Filter>
    </Image>
    <Image Include="res\buildtype.ico">
      <Filter>Resource Files</Filter>
    </Image>
    <Image Include="res\browse.ico">
      <Filter>Resource Files</Filter>
    </Image>
    <Image Include="res\pak.ico">
      <Filter>Resource Files</Filter>
    </Image>
    <Image Include="res\Wly.ico">
      <Filter>Resource Files</Filter>
    </Image>
    <Image Include="res\icon2.ico">
      <Filter>Resource Files</Filter>
    </Image>
    <Image Include="res\Toolbar.bmp">
      <Filter>Resource Files</Filter>
    </Image>
    <Image Include="res\imageedi.bmp">
      <Filter>Resource Files</Filter>
    </Image>
    <Image Include="res\Splash256.bmp">
      <Filter>Resource Files</Filter>
    </Image>
    <Image Include="res\ReMip.bmp">
      <Filter>Resource Files</Filter>
    </Image>
    <Image Include="res\options.bmp">
      <Filter>Resource Files</Filter>
    </Image>
    <Image Include="res\width.bmp">
      <Filter>Resource Files</Filter>
    </Image>
    <Image Include="res\brush_sh.bmp">
      <Filter>Resource Files</Filter>
    </Image>
    <Image Include="res\amount.bmp">
      <Filter>Resource Files</Filter>
    </Image>
    <Image Include="res\wallydoc.bmp">
      <Filter>Resource Files</Filter>
    </Image>
    <Image Include="res\bitmap1.bmp">
      <Filter>Resource Files</Filter>
    </Image>
    <Image Include="res\packaged.bmp">
      <Filter>Resource Files</Filter>
    </Image>
    <Image Include="res\modes_to.bmp">
      <Filter>Resource Files</Filter>
    </Image>
    <Image Include="res\splash256on.bmp">
      <Filter>Resource Files</Filter>
    </Image>
    <Image Include="res\grid.bmp">
      <Filter>Resource Files</Filter>
    </Image>
    <Image Include="res\palette.bmp">
      <Filter>Resource Files</Filter>
    </Image>
    <Image Include="res\newtexs.bmp">
      <Filter>Resource Files</Filter>
    </Image>
    <Image Include="res\push_ran.bmp">
      <Filter>Resource Files</Filter>
    </Image>
    <Image Include="res\push_ani.bmp">
      <Filter>Resource Files</Filter>
    </Image>
    <Image Include="res\push_til.bmp">
      <Filter>Resource Files</Filter>
    </Image>
    <Image Include="res\push_bro.bmp">
      <Filter>Resource Files</Filter>
    </Image>
    <Image Include="res\remiphlp.bmp">
      <Filter>Resource Files</Filter>
    </Image>
    <Image Include="res\batch.bmp">
      <Filter>Resource Files</Filter>
    </Image>
    <Image Include="res\fileasoc.bmp">
      <Filter>Resource Files</Filter>
    </Image>
    <Image Include="res\colordec.bmp">
      <Filter>Resource Files</Filter>
    </Image>
    <Image Include="res\package_.bmp">
      <Filter>Resource Files</Filter>
    </Image>
    <Image Include="res\new_mainframe.bmp">
      <Filter>Resource Files</Filter>
    </Image>
  </ItemGroup>
  <ItemGroup>
    <Media Include="res\Railgf1a.wav">
      <Filter>Resource Files</Filter>
    </Media>
    <Media Include="res\rg_hum.wav">
      <Filter>Resource Files</Filter>
    </Media>
  </ItemGroup>
</Project>