
Microsoft Visual Studio Solution File, Format Version 12.00
# Visual Studio Version 17
VisualStudioVersion = 17.4.33103.184
MinimumVisualStudioVersion = 10.0.40219.1
Project("{8BC9CEB8-8B4A-11D0-8D11-00A0C91BC942}") = "Wally", "Wally\Wally.vcxproj", "{C8CBBE7E-18D6-4257-81C8-AF3F05643CB3}"
	ProjectSection(ProjectDependencies) = postProject
		{019DBD2A-273D-4BA4-BF86-B5EFE2ED76B1} = {019DBD2A-273D-4BA4-BF86-B5EFE2ED76B1}
		{745DEC58-EBB3-47A9-A9B8-4C6627C01BF8} = {745DEC58-EBB3-47A9-A9B8-4C6627C01BF8}
		{D6973076-9317-4EF2-A0B8-B7A18AC0713E} = {D6973076-9317-4EF2-A0B8-B7A18AC0713E}
	EndProjectSection
EndProject
Project("{8BC9CEB8-8B4A-11D0-8D11-00A0C91BC942}") = "jpeg", "jpeg-9e\jpeg.vcxproj", "{019DBD2A-273D-4BA4-BF86-B5EFE2ED76B1}"
EndProject
Project("{8BC9CEB8-8B4A-11D0-8D11-00A0C91BC942}") = "zlibstat", "zlib-1.2.13\contrib\vstudio\vc14\zlibstat.vcxproj", "{745DEC58-EBB3-47A9-A9B8-4C6627C01BF8}"
EndProject
Project("{8BC9CEB8-8B4A-11D0-8D11-00A0C91BC942}") = "libpng", "lpng1639\projects\vstudio\libpng\libpng.vcxproj", "{D6973076-9317-4EF2-A0B8-B7A18AC0713E}"
	ProjectSection(ProjectDependencies) = postProject
		{745DEC58-EBB3-47A9-A9B8-4C6627C01BF8} = {745DEC58-EBB3-47A9-A9B8-4C6627C01BF8}
	EndProjectSection
EndProject
Global
	GlobalSection(SolutionConfigurationPlatforms) = preSolution
		Debug|ARM = Debug|ARM
		Debug|ARM64 = Debug|ARM64
		Debug|Itanium = Debug|Itanium
		Debug|x64 = Debug|x64
		Debug|x86 = Debug|x86
		Release|ARM = Release|ARM
		Release|ARM64 = Release|ARM64
		Release|Itanium = Release|Itanium
		Release|x64 = Release|x64
		Release|x86 = Release|x86
	EndGlobalSection
	GlobalSection(ProjectConfigurationPlatforms) = postSolution
		{C8CBBE7E-18D6-4257-81C8-AF3F05643CB3}.Debug|ARM.ActiveCfg = Debug|x64
		{C8CBBE7E-18D6-4257-81C8-AF3F05643CB3}.Debug|ARM.Build.0 = Debug|x64
		{C8CBBE7E-18D6-4257-81C8-AF3F05643CB3}.Debug|ARM64.ActiveCfg = Debug|x64
		{C8CBBE7E-18D6-4257-81C8-AF3F05643CB3}.Debug|ARM64.Build.0 = Debug|x64
		{C8CBBE7E-18D6-4257-81C8-AF3F05643CB3}.Debug|Itanium.ActiveCfg = Debug|x64
		{C8CBBE7E-18D6-4257-81C8-AF3F05643CB3}.Debug|Itanium.Build.0 = Debug|x64
		{C8CBBE7E-18D6-4257-81C8-AF3F05643CB3}.Debug|x64.ActiveCfg = Debug|x64
		{C8CBBE7E-18D6-4257-81C8-AF3F05643CB3}.Debug|x64.Build.0 = Debug|x64
		{C8CBBE7E-18D6-4257-81C8-AF3F05643CB3}.Debug|x86.ActiveCfg = Debug|Win32
		{C8CBBE7E-18D6-4257-81C8-AF3F05643CB3}.Debug|x86.Build.0 = Debug|Win32
		{C8CBBE7E-18D6-4257-81C8-AF3F05643CB3}.Release|ARM.ActiveCfg = Release|x64
		{C8CBBE7E-18D6-4257-81C8-AF3F05643CB3}.Release|ARM.Build.0 = Release|x64
		{C8CBBE7E-18D6-4257-81C8-AF3F05643CB3}.Release|ARM64.ActiveCfg = Release|x64
		{C8CBBE7E-18D6-4257-81C8-AF3F05643CB3}.Release|ARM64.Build.0 = Release|x64
		{C8CBBE7E-18D6-4257-81C8-AF3F05643CB3}.Release|Itanium.ActiveCfg = Release|x64
		{C8CBBE7E-18D6-4257-81C8-AF3F05643CB3}.Release|Itanium.Build.0 = Release|x64
		{C8CBBE7E-18D6-4257-81C8-AF3F05643CB3}.Release|x64.ActiveCfg = Release|x64
		{C8CBBE7E-18D6-4257-81C8-AF3F05643CB3}.Release|x64.Build.0 = Release|x64
		{C8CBBE7E-18D6-4257-81C8-AF3F05643CB3}.Release|x86.ActiveCfg = Release|Win32
		{C8CBBE7E-18D6-4257-81C8-AF3F05643CB3}.Release|x86.Build.0 = Release|Win32
		{019DBD2A-273D-4BA4-BF86-B5EFE2ED76B1}.Debug|ARM.ActiveCfg = Debug|ARM
		{019DBD2A-273D-4BA4-BF86-B5EFE2ED76B1}.Debug|ARM.Build.0 = Debug|ARM
		{019DBD2A-273D-4BA4-BF86-B5EFE2ED76B1}.Debug|ARM64.ActiveCfg = Release|ARM64
		{019DBD2A-273D-4BA4-BF86-B5EFE2ED76B1}.Debug|ARM64.Build.0 = Release|ARM64
		{019DBD2A-273D-4BA4-BF86-B5EFE2ED76B1}.Debug|Itanium.ActiveCfg = Release|x64
		{019DBD2A-273D-4BA4-BF86-B5EFE2ED76B1}.Debug|Itanium.Build.0 = Release|x64
		{019DBD2A-273D-4BA4-BF86-B5EFE2ED76B1}.Debug|x64.ActiveCfg = Release|x64
		{019DBD2A-273D-4BA4-BF86-B5EFE2ED76B1}.Debug|x64.Build.0 = Release|x64
		{019DBD2A-273D-4BA4-BF86-B5EFE2ED76B1}.Debug|x86.ActiveCfg = Debug|Win32
		{019DBD2A-273D-4BA4-BF86-B5EFE2ED76B1}.Debug|x86.Build.0 = Debug|Win32
		{019DBD2A-273D-4BA4-BF86-B5EFE2ED76B1}.Release|ARM.ActiveCfg = Release|ARM
		{019DBD2A-273D-4BA4-BF86-B5EFE2ED76B1}.Release|ARM.Build.0 = Release|ARM
		{019DBD2A-273D-4BA4-BF86-B5EFE2ED76B1}.Release|ARM64.ActiveCfg = Release|ARM64
		{019DBD2A-273D-4BA4-BF86-B5EFE2ED76B1}.Release|ARM64.Build.0 = Release|ARM64
		{019DBD2A-273D-4BA4-BF86-B5EFE2ED76B1}.Release|Itanium.ActiveCfg = Release|x64
		{019DBD2A-273D-4BA4-BF86-B5EFE2ED76B1}.Release|Itanium.Build.0 = Release|x64
		{019DBD2A-273D-4BA4-BF86-B5EFE2ED76B1}.Release|x64.ActiveCfg = Release|x64
		{019DBD2A-273D-4BA4-BF86-B5EFE2ED76B1}.Release|x64.Build.0 = Release|x64
		{019DBD2A-273D-4BA4-BF86-B5EFE2ED76B1}.Release|x86.ActiveCfg = Release|Win32
		{019DBD2A-273D-4BA4-BF86-B5EFE2ED76B1}.Release|x86.Build.0 = Release|Win32
		{745DEC58-EBB3-47A9-A9B8-4C6627C01BF8}.Debug|ARM.ActiveCfg = Debug|x64
		{745DEC58-EBB3-47A9-A9B8-4C6627C01BF8}.Debug|ARM.Build.0 = Debug|x64
		{745DEC58-EBB3-47A9-A9B8-4C6627C01BF8}.Debug|ARM64.ActiveCfg = Debug|x64
		{745DEC58-EBB3-47A9-A9B8-4C6627C01BF8}.Debug|ARM64.Build.0 = Debug|x64
		{745DEC58-EBB3-47A9-A9B8-4C6627C01BF8}.Debug|Itanium.ActiveCfg = Debug|Itanium
		{745DEC58-EBB3-47A9-A9B8-4C6627C01BF8}.Debug|Itanium.Build.0 = Debug|Itanium
		{745DEC58-EBB3-47A9-A9B8-4C6627C01BF8}.Debug|x64.ActiveCfg = Debug|x64
		{745DEC58-EBB3-47A9-A9B8-4C6627C01BF8}.Debug|x64.Build.0 = Debug|x64
		{745DEC58-EBB3-47A9-A9B8-4C6627C01BF8}.Debug|x86.ActiveCfg = Debug|Win32
		{745DEC58-EBB3-47A9-A9B8-4C6627C01BF8}.Debug|x86.Build.0 = Debug|Win32
		{745DEC58-EBB3-47A9-A9B8-4C6627C01BF8}.Release|ARM.ActiveCfg = Release|x64
		{745DEC58-EBB3-47A9-A9B8-4C6627C01BF8}.Release|ARM.Build.0 = Release|x64
		{745DEC58-EBB3-47A9-A9B8-4C6627C01BF8}.Release|ARM64.ActiveCfg = Release|x64
		{745DEC58-EBB3-47A9-A9B8-4C6627C01BF8}.Release|ARM64.Build.0 = Release|x64
		{745DEC58-EBB3-47A9-A9B8-4C6627C01BF8}.Release|Itanium.ActiveCfg = Release|Itanium
		{745DEC58-EBB3-47A9-A9B8-4C6627C01BF8}.Release|Itanium.Build.0 = Release|Itanium
		{745DEC58-EBB3-47A9-A9B8-4C6627C01BF8}.Release|x64.ActiveCfg = Release|x64
		{745DEC58-EBB3-47A9-A9B8-4C6627C01BF8}.Release|x64.Build.0 = Release|x64
		{745DEC58-EBB3-47A9-A9B8-4C6627C01BF8}.Release|x86.ActiveCfg = Release|Win32
		{745DEC58-EBB3-47A9-A9B8-4C6627C01BF8}.Release|x86.Build.0 = Release|Win32
		{D6973076-9317-4EF2-A0B8-B7A18AC0713E}.Debug|ARM.ActiveCfg = Debug|ARM64
		{D6973076-9317-4EF2-A0B8-B7A18AC0713E}.Debug|ARM.Build.0 = Debug|ARM64
		{D6973076-9317-4EF2-A0B8-B7A18AC0713E}.Debug|ARM64.ActiveCfg = Debug|ARM64
		{D6973076-9317-4EF2-A0B8-B7A18AC0713E}.Debug|ARM64.Build.0 = Debug|ARM64
		{D6973076-9317-4EF2-A0B8-B7A18AC0713E}.Debug|Itanium.ActiveCfg = Debug|Win32
		{D6973076-9317-4EF2-A0B8-B7A18AC0713E}.Debug|Itanium.Build.0 = Debug|Win32
		{D6973076-9317-4EF2-A0B8-B7A18AC0713E}.Debug|x64.ActiveCfg = Debug|Win32
		{D6973076-9317-4EF2-A0B8-B7A18AC0713E}.Debug|x64.Build.0 = Debug|Win32
		{D6973076-9317-4EF2-A0B8-B7A18AC0713E}.Debug|x86.ActiveCfg = Debug|Win32
		{D6973076-9317-4EF2-A0B8-B7A18AC0713E}.Debug|x86.Build.0 = Debug|Win32
		{D6973076-9317-4EF2-A0B8-B7A18AC0713E}.Release|ARM.ActiveCfg = Release|Win32
		{D6973076-9317-4EF2-A0B8-B7A18AC0713E}.Release|ARM.Build.0 = Release|Win32
		{D6973076-9317-4EF2-A0B8-B7A18AC0713E}.Release|ARM64.ActiveCfg = Release|ARM64
		{D6973076-9317-4EF2-A0B8-B7A18AC0713E}.Release|ARM64.Build.0 = Release|ARM64
		{D6973076-9317-4EF2-A0B8-B7A18AC0713E}.Release|Itanium.ActiveCfg = Release|Win32
		{D6973076-9317-4EF2-A0B8-B7A18AC0713E}.Release|Itanium.Build.0 = Release|Win32
		{D6973076-9317-4EF2-A0B8-B7A18AC0713E}.Release|x64.ActiveCfg = Release|Win32
		{D6973076-9317-4EF2-A0B8-B7A18AC0713E}.Release|x64.Build.0 = Release|Win32
		{D6973076-9317-4EF2-A0B8-B7A18AC0713E}.Release|x86.ActiveCfg = Release|Win32
		{D6973076-9317-4EF2-A0B8-B7A18AC0713E}.Release|x86.Build.0 = Release|Win32
	EndGlobalSection
	GlobalSection(SolutionProperties) = preSolution
		HideSolutionNode = FALSE
	EndGlobalSection
	GlobalSection(ExtensibilityGlobals) = postSolution
		SolutionGuid = {C5E0AE0B-41A3-4532-9D74-F04CE0242A7A}
	EndGlobalSection
EndGlobal
