
Microsoft Visual Studio Solution File, Format Version 12.00
# Visual Studio Version 17
VisualStudioVersion = 17.3.32811.315
MinimumVisualStudioVersion = 10.0.40219.1
Project("{8BC9CEB8-8B4A-11D0-8D11-00A0C91BC942}") = "WADDisplay", "WADDisplay\WADDisplay.vcxproj", "{BC6F9340-72AB-4C8A-92AF-68300F73028E}"
EndProject
Project("{8BC9CEB8-8B4A-11D0-8D11-00A0C91BC942}") = "Wally", "Wally.vcxproj", "{0D4A5E4F-F9D4-4EE6-B7F5-F03F9D316BDB}"
EndProject
Project("{8BC9CEB8-8B4A-11D0-8D11-00A0C91BC942}") = "jpeg6b_wrap", "jpeg-6b\jpeg6b_wrap.vcxproj", "{F8829378-0B78-4625-8AA6-F2620DE88AC2}"
EndProject
Project("{8BC9CEB8-8B4A-11D0-8D11-00A0C91BC942}") = "libpng", "lpng1012\projects\msvc\libpng.vcxproj", "{51F01DEA-5E4B-4D89-8EED-7BCE169283B9}"
EndProject
Global
	GlobalSection(SolutionConfigurationPlatforms) = preSolution
		Debug|Win32 = Debug|Win32
		DLL ASM|Win32 = DLL ASM|Win32
		DLL Debug ASM|Win32 = DLL Debug ASM|Win32
		DLL Debug|Win32 = DLL Debug|Win32
		DLL|Win32 = DLL|Win32
		LIB Debug|Win32 = LIB Debug|Win32
		LIB|Win32 = LIB|Win32
		Release|Win32 = Release|Win32
		Unicode Debug|Win32 = Unicode Debug|Win32
		Unicode Release|Win32 = Unicode Release|Win32
	EndGlobalSection
	GlobalSection(ProjectConfigurationPlatforms) = postSolution
		{BC6F9340-72AB-4C8A-92AF-68300F73028E}.Debug|Win32.ActiveCfg = Debug|Win32
		{BC6F9340-72AB-4C8A-92AF-68300F73028E}.Debug|Win32.Build.0 = Debug|Win32
		{BC6F9340-72AB-4C8A-92AF-68300F73028E}.DLL ASM|Win32.ActiveCfg = Debug|Win32
		{BC6F9340-72AB-4C8A-92AF-68300F73028E}.DLL ASM|Win32.Build.0 = Debug|Win32
		{BC6F9340-72AB-4C8A-92AF-68300F73028E}.DLL Debug ASM|Win32.ActiveCfg = Debug|Win32
		{BC6F9340-72AB-4C8A-92AF-68300F73028E}.DLL Debug ASM|Win32.Build.0 = Debug|Win32
		{BC6F9340-72AB-4C8A-92AF-68300F73028E}.DLL Debug|Win32.ActiveCfg = Debug|Win32
		{BC6F9340-72AB-4C8A-92AF-68300F73028E}.DLL Debug|Win32.Build.0 = Debug|Win32
		{BC6F9340-72AB-4C8A-92AF-68300F73028E}.DLL|Win32.ActiveCfg = Debug|Win32
		{BC6F9340-72AB-4C8A-92AF-68300F73028E}.DLL|Win32.Build.0 = Debug|Win32
		{BC6F9340-72AB-4C8A-92AF-68300F73028E}.LIB Debug|Win32.ActiveCfg = Debug|Win32
		{BC6F9340-72AB-4C8A-92AF-68300F73028E}.LIB Debug|Win32.Build.0 = Debug|Win32
		{BC6F9340-72AB-4C8A-92AF-68300F73028E}.LIB|Win32.ActiveCfg = Debug|Win32
		{BC6F9340-72AB-4C8A-92AF-68300F73028E}.LIB|Win32.Build.0 = Debug|Win32
		{BC6F9340-72AB-4C8A-92AF-68300F73028E}.Release|Win32.ActiveCfg = Release|Win32
		{BC6F9340-72AB-4C8A-92AF-68300F73028E}.Release|Win32.Build.0 = Release|Win32
		{BC6F9340-72AB-4C8A-92AF-68300F73028E}.Unicode Debug|Win32.ActiveCfg = Unicode Debug|Win32
		{BC6F9340-72AB-4C8A-92AF-68300F73028E}.Unicode Debug|Win32.Build.0 = Unicode Debug|Win32
		{BC6F9340-72AB-4C8A-92AF-68300F73028E}.Unicode Release|Win32.ActiveCfg = Unicode Release|Win32
		{BC6F9340-72AB-4C8A-92AF-68300F73028E}.Unicode Release|Win32.Build.0 = Unicode Release|Win32
		{0D4A5E4F-F9D4-4EE6-B7F5-F03F9D316BDB}.Debug|Win32.ActiveCfg = Debug|Win32
		{0D4A5E4F-F9D4-4EE6-B7F5-F03F9D316BDB}.Debug|Win32.Build.0 = Debug|Win32
		{0D4A5E4F-F9D4-4EE6-B7F5-F03F9D316BDB}.DLL ASM|Win32.ActiveCfg = Debug|Win32
		{0D4A5E4F-F9D4-4EE6-B7F5-F03F9D316BDB}.DLL ASM|Win32.Build.0 = Debug|Win32
		{0D4A5E4F-F9D4-4EE6-B7F5-F03F9D316BDB}.DLL Debug ASM|Win32.ActiveCfg = Debug|Win32
		{0D4A5E4F-F9D4-4EE6-B7F5-F03F9D316BDB}.DLL Debug ASM|Win32.Build.0 = Debug|Win32
		{0D4A5E4F-F9D4-4EE6-B7F5-F03F9D316BDB}.DLL Debug|Win32.ActiveCfg = Debug|Win32
		{0D4A5E4F-F9D4-4EE6-B7F5-F03F9D316BDB}.DLL Debug|Win32.Build.0 = Debug|Win32
		{0D4A5E4F-F9D4-4EE6-B7F5-F03F9D316BDB}.DLL|Win32.ActiveCfg = Debug|Win32
		{0D4A5E4F-F9D4-4EE6-B7F5-F03F9D316BDB}.DLL|Win32.Build.0 = Debug|Win32
		{0D4A5E4F-F9D4-4EE6-B7F5-F03F9D316BDB}.LIB Debug|Win32.ActiveCfg = Debug|Win32
		{0D4A5E4F-F9D4-4EE6-B7F5-F03F9D316BDB}.LIB Debug|Win32.Build.0 = Debug|Win32
		{0D4A5E4F-F9D4-4EE6-B7F5-F03F9D316BDB}.LIB|Win32.ActiveCfg = Debug|Win32
		{0D4A5E4F-F9D4-4EE6-B7F5-F03F9D316BDB}.LIB|Win32.Build.0 = Debug|Win32
		{0D4A5E4F-F9D4-4EE6-B7F5-F03F9D316BDB}.Release|Win32.ActiveCfg = Release|Win32
		{0D4A5E4F-F9D4-4EE6-B7F5-F03F9D316BDB}.Release|Win32.Build.0 = Release|Win32
		{0D4A5E4F-F9D4-4EE6-B7F5-F03F9D316BDB}.Unicode Debug|Win32.ActiveCfg = Debug|Win32
		{0D4A5E4F-F9D4-4EE6-B7F5-F03F9D316BDB}.Unicode Debug|Win32.Build.0 = Debug|Win32
		{0D4A5E4F-F9D4-4EE6-B7F5-F03F9D316BDB}.Unicode Release|Win32.ActiveCfg = Release|Win32
		{0D4A5E4F-F9D4-4EE6-B7F5-F03F9D316BDB}.Unicode Release|Win32.Build.0 = Release|Win32
		{F8829378-0B78-4625-8AA6-F2620DE88AC2}.Debug|Win32.ActiveCfg = Debug|Win32
		{F8829378-0B78-4625-8AA6-F2620DE88AC2}.Debug|Win32.Build.0 = Debug|Win32
		{F8829378-0B78-4625-8AA6-F2620DE88AC2}.DLL ASM|Win32.ActiveCfg = Debug|Win32
		{F8829378-0B78-4625-8AA6-F2620DE88AC2}.DLL ASM|Win32.Build.0 = Debug|Win32
		{F8829378-0B78-4625-8AA6-F2620DE88AC2}.DLL Debug ASM|Win32.ActiveCfg = Debug|Win32
		{F8829378-0B78-4625-8AA6-F2620DE88AC2}.DLL Debug ASM|Win32.Build.0 = Debug|Win32
		{F8829378-0B78-4625-8AA6-F2620DE88AC2}.DLL Debug|Win32.ActiveCfg = Debug|Win32
		{F8829378-0B78-4625-8AA6-F2620DE88AC2}.DLL Debug|Win32.Build.0 = Debug|Win32
		{F8829378-0B78-4625-8AA6-F2620DE88AC2}.DLL|Win32.ActiveCfg = Debug|Win32
		{F8829378-0B78-4625-8AA6-F2620DE88AC2}.DLL|Win32.Build.0 = Debug|Win32
		{F8829378-0B78-4625-8AA6-F2620DE88AC2}.LIB Debug|Win32.ActiveCfg = Debug|Win32
		{F8829378-0B78-4625-8AA6-F2620DE88AC2}.LIB Debug|Win32.Build.0 = Debug|Win32
		{F8829378-0B78-4625-8AA6-F2620DE88AC2}.LIB|Win32.ActiveCfg = Debug|Win32
		{F8829378-0B78-4625-8AA6-F2620DE88AC2}.LIB|Win32.Build.0 = Debug|Win32
		{F8829378-0B78-4625-8AA6-F2620DE88AC2}.Release|Win32.ActiveCfg = Release|Win32
		{F8829378-0B78-4625-8AA6-F2620DE88AC2}.Release|Win32.Build.0 = Release|Win32
		{F8829378-0B78-4625-8AA6-F2620DE88AC2}.Unicode Debug|Win32.ActiveCfg = Debug|Win32
		{F8829378-0B78-4625-8AA6-F2620DE88AC2}.Unicode Debug|Win32.Build.0 = Debug|Win32
		{F8829378-0B78-4625-8AA6-F2620DE88AC2}.Unicode Release|Win32.ActiveCfg = Release|Win32
		{F8829378-0B78-4625-8AA6-F2620DE88AC2}.Unicode Release|Win32.Build.0 = Release|Win32
		{51F01DEA-5E4B-4D89-8EED-7BCE169283B9}.Debug|Win32.ActiveCfg = DLL Debug|Win32
		{51F01DEA-5E4B-4D89-8EED-7BCE169283B9}.Debug|Win32.Build.0 = DLL Debug|Win32
		{51F01DEA-5E4B-4D89-8EED-7BCE169283B9}.DLL ASM|Win32.ActiveCfg = DLL ASM|Win32
		{51F01DEA-5E4B-4D89-8EED-7BCE169283B9}.DLL ASM|Win32.Build.0 = DLL ASM|Win32
		{51F01DEA-5E4B-4D89-8EED-7BCE169283B9}.DLL Debug ASM|Win32.ActiveCfg = DLL Debug ASM|Win32
		{51F01DEA-5E4B-4D89-8EED-7BCE169283B9}.DLL Debug ASM|Win32.Build.0 = DLL Debug ASM|Win32
		{51F01DEA-5E4B-4D89-8EED-7BCE169283B9}.DLL Debug|Win32.ActiveCfg = DLL Debug|Win32
		{51F01DEA-5E4B-4D89-8EED-7BCE169283B9}.DLL Debug|Win32.Build.0 = DLL Debug|Win32
		{51F01DEA-5E4B-4D89-8EED-7BCE169283B9}.DLL|Win32.ActiveCfg = DLL|Win32
		{51F01DEA-5E4B-4D89-8EED-7BCE169283B9}.DLL|Win32.Build.0 = DLL|Win32
		{51F01DEA-5E4B-4D89-8EED-7BCE169283B9}.LIB Debug|Win32.ActiveCfg = LIB Debug|Win32
		{51F01DEA-5E4B-4D89-8EED-7BCE169283B9}.LIB Debug|Win32.Build.0 = LIB Debug|Win32
		{51F01DEA-5E4B-4D89-8EED-7BCE169283B9}.LIB|Win32.ActiveCfg = LIB|Win32
		{51F01DEA-5E4B-4D89-8EED-7BCE169283B9}.LIB|Win32.Build.0 = LIB|Win32
		{51F01DEA-5E4B-4D89-8EED-7BCE169283B9}.Release|Win32.ActiveCfg = DLL Debug ASM|Win32
		{51F01DEA-5E4B-4D89-8EED-7BCE169283B9}.Release|Win32.Build.0 = DLL Debug ASM|Win32
		{51F01DEA-5E4B-4D89-8EED-7BCE169283B9}.Unicode Debug|Win32.ActiveCfg = DLL Debug ASM|Win32
		{51F01DEA-5E4B-4D89-8EED-7BCE169283B9}.Unicode Debug|Win32.Build.0 = DLL Debug ASM|Win32
		{51F01DEA-5E4B-4D89-8EED-7BCE169283B9}.Unicode Release|Win32.ActiveCfg = DLL Debug ASM|Win32
		{51F01DEA-5E4B-4D89-8EED-7BCE169283B9}.Unicode Release|Win32.Build.0 = DLL Debug ASM|Win32
	EndGlobalSection
	GlobalSection(SolutionProperties) = preSolution
		HideSolutionNode = FALSE
	EndGlobalSection
	GlobalSection(ExtensibilityGlobals) = postSolution
		SolutionGuid = {48229DFC-F9AB-4A84-BF82-7555ABE9AAE3}
	EndGlobalSection
EndGlobal
